
Microsoft Visual Studio Solution File, Format Version 12.00
# Visual Studio 15
VisualStudioVersion = 15.0.26124.0
MinimumVisualStudioVersion = 15.0.26124.0
Project("{2150E333-8FDC-42A3-9474-1A3956D46DE8}") = "src", "src", "{02B08F64-9867-43C4-9AC0-E362ADA9F56F}"
EndProject
Project("{FAE04EC0-301F-11D3-BF4B-00C04F79EFBC}") = "InspectionManager.ApplicationCore", "src\ApplicationCore\InspectionManager.ApplicationCore.csproj", "{539029B3-A84B-40D2-9ED3-A880125FAB26}"
EndProject
Project("{2150E333-8FDC-42A3-9474-1A3956D46DE8}") = "test", "test", "{5B866213-EE4F-4EE7-8481-521DCBDE3A6E}"
EndProject
Project("{FAE04EC0-301F-11D3-BF4B-00C04F79EFBC}") = "InspectionManager.ApplicationCore.Test", "test\ApplicationCore.Test\InspectionManager.ApplicationCore.Test.csproj", "{55CF1222-0B0D-491D-A92A-EBAA9671B4EB}"
EndProject
Project("{FAE04EC0-301F-11D3-BF4B-00C04F79EFBC}") = "InspectionManager.Infrastructure", "src\Infrastructure\InspectionManager.Infrastructure.csproj", "{802CB42E-68EE-4CB7-900E-40F9AE175E98}"
EndProject
Project("{FAE04EC0-301F-11D3-BF4B-00C04F79EFBC}") = "InspectionManager.Infrastructure.Test", "test\Infrastructure.Test\InspectionManager.Infrastructure.Test.csproj", "{780CABFF-A16B-4091-960F-3BABDDECD7CB}"
EndProject
Project("{FAE04EC0-301F-11D3-BF4B-00C04F79EFBC}") = "InspectionManager.Web", "src\Web\InspectionManager.Web.csproj", "{FCC011EA-A102-41F1-B462-BB8A337EDB76}"
EndProject
Project("{FAE04EC0-301F-11D3-BF4B-00C04F79EFBC}") = "InspectionManager.Web.Test", "test\Web.Test\InspectionManager.Web.Test.csproj", "{4DE71AF2-4D8A-4DCD-834D-8ADE9F107C32}"
EndProject
Global
	GlobalSection(SolutionConfigurationPlatforms) = preSolution
		Debug|Any CPU = Debug|Any CPU
		Debug|x64 = Debug|x64
		Debug|x86 = Debug|x86
		Release|Any CPU = Release|Any CPU
		Release|x64 = Release|x64
		Release|x86 = Release|x86
	EndGlobalSection
	GlobalSection(SolutionProperties) = preSolution
		HideSolutionNode = FALSE
	EndGlobalSection
	GlobalSection(ProjectConfigurationPlatforms) = postSolution
		{539029B3-A84B-40D2-9ED3-A880125FAB26}.Debug|Any CPU.ActiveCfg = Debug|Any CPU
		{539029B3-A84B-40D2-9ED3-A880125FAB26}.Debug|Any CPU.Build.0 = Debug|Any CPU
		{539029B3-A84B-40D2-9ED3-A880125FAB26}.Debug|x64.ActiveCfg = Debug|Any CPU
		{539029B3-A84B-40D2-9ED3-A880125FAB26}.Debug|x64.Build.0 = Debug|Any CPU
		{539029B3-A84B-40D2-9ED3-A880125FAB26}.Debug|x86.ActiveCfg = Debug|Any CPU
		{539029B3-A84B-40D2-9ED3-A880125FAB26}.Debug|x86.Build.0 = Debug|Any CPU
		{539029B3-A84B-40D2-9ED3-A880125FAB26}.Release|Any CPU.ActiveCfg = Release|Any CPU
		{539029B3-A84B-40D2-9ED3-A880125FAB26}.Release|Any CPU.Build.0 = Release|Any CPU
		{539029B3-A84B-40D2-9ED3-A880125FAB26}.Release|x64.ActiveCfg = Release|Any CPU
		{539029B3-A84B-40D2-9ED3-A880125FAB26}.Release|x64.Build.0 = Release|Any CPU
		{539029B3-A84B-40D2-9ED3-A880125FAB26}.Release|x86.ActiveCfg = Release|Any CPU
		{539029B3-A84B-40D2-9ED3-A880125FAB26}.Release|x86.Build.0 = Release|Any CPU
		{55CF1222-0B0D-491D-A92A-EBAA9671B4EB}.Debug|Any CPU.ActiveCfg = Debug|Any CPU
		{55CF1222-0B0D-491D-A92A-EBAA9671B4EB}.Debug|Any CPU.Build.0 = Debug|Any CPU
		{55CF1222-0B0D-491D-A92A-EBAA9671B4EB}.Debug|x64.ActiveCfg = Debug|Any CPU
		{55CF1222-0B0D-491D-A92A-EBAA9671B4EB}.Debug|x64.Build.0 = Debug|Any CPU
		{55CF1222-0B0D-491D-A92A-EBAA9671B4EB}.Debug|x86.ActiveCfg = Debug|Any CPU
		{55CF1222-0B0D-491D-A92A-EBAA9671B4EB}.Debug|x86.Build.0 = Debug|Any CPU
		{55CF1222-0B0D-491D-A92A-EBAA9671B4EB}.Release|Any CPU.ActiveCfg = Release|Any CPU
		{55CF1222-0B0D-491D-A92A-EBAA9671B4EB}.Release|Any CPU.Build.0 = Release|Any CPU
		{55CF1222-0B0D-491D-A92A-EBAA9671B4EB}.Release|x64.ActiveCfg = Release|Any CPU
		{55CF1222-0B0D-491D-A92A-EBAA9671B4EB}.Release|x64.Build.0 = Release|Any CPU
		{55CF1222-0B0D-491D-A92A-EBAA9671B4EB}.Release|x86.ActiveCfg = Release|Any CPU
		{55CF1222-0B0D-491D-A92A-EBAA9671B4EB}.Release|x86.Build.0 = Release|Any CPU
		{802CB42E-68EE-4CB7-900E-40F9AE175E98}.Debug|Any CPU.ActiveCfg = Debug|Any CPU
		{802CB42E-68EE-4CB7-900E-40F9AE175E98}.Debug|Any CPU.Build.0 = Debug|Any CPU
		{802CB42E-68EE-4CB7-900E-40F9AE175E98}.Debug|x64.ActiveCfg = Debug|Any CPU
		{802CB42E-68EE-4CB7-900E-40F9AE175E98}.Debug|x64.Build.0 = Debug|Any CPU
		{802CB42E-68EE-4CB7-900E-40F9AE175E98}.Debug|x86.ActiveCfg = Debug|Any CPU
		{802CB42E-68EE-4CB7-900E-40F9AE175E98}.Debug|x86.Build.0 = Debug|Any CPU
		{802CB42E-68EE-4CB7-900E-40F9AE175E98}.Release|Any CPU.ActiveCfg = Release|Any CPU
		{802CB42E-68EE-4CB7-900E-40F9AE175E98}.Release|Any CPU.Build.0 = Release|Any CPU
		{802CB42E-68EE-4CB7-900E-40F9AE175E98}.Release|x64.ActiveCfg = Release|Any CPU
		{802CB42E-68EE-4CB7-900E-40F9AE175E98}.Release|x64.Build.0 = Release|Any CPU
		{802CB42E-68EE-4CB7-900E-40F9AE175E98}.Release|x86.ActiveCfg = Release|Any CPU
		{802CB42E-68EE-4CB7-900E-40F9AE175E98}.Release|x86.Build.0 = Release|Any CPU
		{780CABFF-A16B-4091-960F-3BABDDECD7CB}.Debug|Any CPU.ActiveCfg = Debug|Any CPU
		{780CABFF-A16B-4091-960F-3BABDDECD7CB}.Debug|Any CPU.Build.0 = Debug|Any CPU
		{780CABFF-A16B-4091-960F-3BABDDECD7CB}.Debug|x64.ActiveCfg = Debug|Any CPU
		{780CABFF-A16B-4091-960F-3BABDDECD7CB}.Debug|x64.Build.0 = Debug|Any CPU
		{780CABFF-A16B-4091-960F-3BABDDECD7CB}.Debug|x86.ActiveCfg = Debug|Any CPU
		{780CABFF-A16B-4091-960F-3BABDDECD7CB}.Debug|x86.Build.0 = Debug|Any CPU
		{780CABFF-A16B-4091-960F-3BABDDECD7CB}.Release|Any CPU.ActiveCfg = Release|Any CPU
		{780CABFF-A16B-4091-960F-3BABDDECD7CB}.Release|Any CPU.Build.0 = Release|Any CPU
		{780CABFF-A16B-4091-960F-3BABDDECD7CB}.Release|x64.ActiveCfg = Release|Any CPU
		{780CABFF-A16B-4091-960F-3BABDDECD7CB}.Release|x64.Build.0 = Release|Any CPU
		{780CABFF-A16B-4091-960F-3BABDDECD7CB}.Release|x86.ActiveCfg = Release|Any CPU
		{780CABFF-A16B-4091-960F-3BABDDECD7CB}.Release|x86.Build.0 = Release|Any CPU
		{FCC011EA-A102-41F1-B462-BB8A337EDB76}.Debug|Any CPU.ActiveCfg = Debug|Any CPU
		{FCC011EA-A102-41F1-B462-BB8A337EDB76}.Debug|Any CPU.Build.0 = Debug|Any CPU
		{FCC011EA-A102-41F1-B462-BB8A337EDB76}.Debug|x64.ActiveCfg = Debug|Any CPU
		{FCC011EA-A102-41F1-B462-BB8A337EDB76}.Debug|x64.Build.0 = Debug|Any CPU
		{FCC011EA-A102-41F1-B462-BB8A337EDB76}.Debug|x86.ActiveCfg = Debug|Any CPU
		{FCC011EA-A102-41F1-B462-BB8A337EDB76}.Debug|x86.Build.0 = Debug|Any CPU
		{FCC011EA-A102-41F1-B462-BB8A337EDB76}.Release|Any CPU.ActiveCfg = Release|Any CPU
		{FCC011EA-A102-41F1-B462-BB8A337EDB76}.Release|Any CPU.Build.0 = Release|Any CPU
		{FCC011EA-A102-41F1-B462-BB8A337EDB76}.Release|x64.ActiveCfg = Release|Any CPU
		{FCC011EA-A102-41F1-B462-BB8A337EDB76}.Release|x64.Build.0 = Release|Any CPU
		{FCC011EA-A102-41F1-B462-BB8A337EDB76}.Release|x86.ActiveCfg = Release|Any CPU
		{FCC011EA-A102-41F1-B462-BB8A337EDB76}.Release|x86.Build.0 = Release|Any CPU
		{4DE71AF2-4D8A-4DCD-834D-8ADE9F107C32}.Debug|Any CPU.ActiveCfg = Debug|Any CPU
		{4DE71AF2-4D8A-4DCD-834D-8ADE9F107C32}.Debug|Any CPU.Build.0 = Debug|Any CPU
		{4DE71AF2-4D8A-4DCD-834D-8ADE9F107C32}.Debug|x64.ActiveCfg = Debug|Any CPU
		{4DE71AF2-4D8A-4DCD-834D-8ADE9F107C32}.Debug|x64.Build.0 = Debug|Any CPU
		{4DE71AF2-4D8A-4DCD-834D-8ADE9F107C32}.Debug|x86.ActiveCfg = Debug|Any CPU
		{4DE71AF2-4D8A-4DCD-834D-8ADE9F107C32}.Debug|x86.Build.0 = Debug|Any CPU
		{4DE71AF2-4D8A-4DCD-834D-8ADE9F107C32}.Release|Any CPU.ActiveCfg = Release|Any CPU
		{4DE71AF2-4D8A-4DCD-834D-8ADE9F107C32}.Release|Any CPU.Build.0 = Release|Any CPU
		{4DE71AF2-4D8A-4DCD-834D-8ADE9F107C32}.Release|x64.ActiveCfg = Release|Any CPU
		{4DE71AF2-4D8A-4DCD-834D-8ADE9F107C32}.Release|x64.Build.0 = Release|Any CPU
		{4DE71AF2-4D8A-4DCD-834D-8ADE9F107C32}.Release|x86.ActiveCfg = Release|Any CPU
		{4DE71AF2-4D8A-4DCD-834D-8ADE9F107C32}.Release|x86.Build.0 = Release|Any CPU
	EndGlobalSection
	GlobalSection(NestedProjects) = preSolution
		{539029B3-A84B-40D2-9ED3-A880125FAB26} = {02B08F64-9867-43C4-9AC0-E362ADA9F56F}
		{55CF1222-0B0D-491D-A92A-EBAA9671B4EB} = {5B866213-EE4F-4EE7-8481-521DCBDE3A6E}
		{802CB42E-68EE-4CB7-900E-40F9AE175E98} = {02B08F64-9867-43C4-9AC0-E362ADA9F56F}
		{780CABFF-A16B-4091-960F-3BABDDECD7CB} = {5B866213-EE4F-4EE7-8481-521DCBDE3A6E}
		{FCC011EA-A102-41F1-B462-BB8A337EDB76} = {02B08F64-9867-43C4-9AC0-E362ADA9F56F}
		{4DE71AF2-4D8A-4DCD-834D-8ADE9F107C32} = {5B866213-EE4F-4EE7-8481-521DCBDE3A6E}
	EndGlobalSection
EndGlobal
